github.com/davecgh/go-spew v1.1.1 h1:vj9j/u1bqnvCEfJOwUhtlOARqs3+rkHYY13jYWTU97c=
github.com/davecgh/go-spew v1.1.1/go.mod h1:J7Y8YcW2NihsgmVo/mv3lAwl/skON4iLHjSsI+c5H38=
github.com/google/gousb v1.1.3 h1:xt6M5TDsGSZ+rlomz5Si5Hmd/Fvbmo2YCJHN+yGaK4o=
github.com/google/gousb v1.1.3/go.mod h1:GGWUkK0gAXDzxhwrzetW592aOmkkqSGcj5KLEgmCVUg=
github.com/gorilla/websocket v1.5.3 h1:saDtZ6Pbx/0u+bgYQ3q96pZgCzfhKXGPqt7kZ72aNNg=
github.com/gorilla/websocket v1.5.3/go.mod h1:YR8l580nyteQvAITg2hZ9XVh4b55+EU/adAjf1fMHhE=
github.com/joho/godotenv v1.5.1 h1:7eLL/+HRGLY0ldzfGMeQkb7vMd0as4CfYvUVzLqw0N0=
github.com/joho/godotenv v1.5.1/go.mod h1:f4LDr5Voq0i2e/R5DDNOoa2zzDfwtkZa6DnEwAbqwq4=
github.com/joomcode/errorx v1.1.1 h1:/LFG/qSk1gUTuZjs+qlyOJEpcVjD9DXgBNFhdZkQrjY=
github.com/joomcode/errorx v1.1.1/go.mod h1:eQzdtdlNyN7etw6YCS4W4+lu442waxZYw5yvz0ULrRo=
github.com/pericles-tpt/go-mtp v0.0.0-20260411063229-d0da57fd4b46 h1:KHci4XKDglr6q4uoIq6tDzqmZnwUXUeAZJIOMeZ5de8=
github.com/pericles-tpt/go-mtp v0.0.0-20260411063229-d0da57fd4b46/go.mod h1:2b2pNd5vOlOojbbFauaIKhkeit+YSZ5ztAvY4kyFNIA=
github.com/pericles-tpt/go-mtp v0.0.0-20260413081207-5d3b6212567b h1:L8agpytNq3BcJUz+zWjxFxMtJF+XdONCaXOgU8MAavI=
github.com/pericles-tpt/go-mtp v0.0.0-20260413081207-5d3b6212567b/go.mod h1:2b2pNd5vOlOojbbFauaIKhkeit+YSZ5ztAvY4kyFNIA=
github.com/pericles-tpt/go-mtp v0.0.0-20260413081517-1dac23aa08b8 h1:b5cPeRN9y6kX9bG9/lxHRqtq1aCvV8AIl056QRyuHqo=
github.com/pericles-tpt/go-mtp v0.0.0-20260413081517-1dac23aa08b8/go.mod h1:2b2pNd5vOlOojbbFauaIKhkeit+YSZ5ztAvY4kyFNIA=
github.com/pericles-tpt/go-mtp v0.0.0-20260413082007-7ddf837816ac h1:bD2lBsJS1t2fKS0PNdsxsIXDiqbpOnMEPOFa5VClklE=
github.com/pericles-tpt/go-mtp v0.0.0-20260413082007-7ddf837816ac/go.mod h1:2b2pNd5vOlOojbbFauaIKhkeit+YSZ5ztAvY4kyFNIA=
github.com/pericles-tpt/go-mtp v0.0.0-20260413084010-c23cb50a8e6f h1:0PXAk8tHCGe88233BZgY4I1VjMUSgFv70kA8S0AXiBE=
github.com/pericles-tpt/go-mtp v0.0.0-20260413084010-c23cb50a8e6f/go.mod h1:2b2pNd5vOlOojbbFauaIKhkeit+YSZ5ztAvY4kyFNIA=
github.com/pericles-tpt/go-mtp v0.0.0-20260413090923-f61e4e59544b h1:7IWJ1OpMpKZkV/7me1kjqjXEiDxN+qF+JeE5KoOkL80=
github.com/pericles-tpt/go-mtp v0.0.0-20260413090923-f61e4e59544b/go.mod h1:2b2pNd5vOlOojbbFauaIKhkeit+YSZ5ztAvY4kyFNIA=
github.com/pericles-tpt/go-mtp v0.0.0-20260413091154-1d3ab73fe313 h1:kOCP8/2oPlqBRNJvH7r1BzLfmeEWe+gZdVsgdrfRwnw=
github.com/pericles-tpt/go-mtp v0.0.0-20260413091154-1d3ab73fe313/go.mod h1:2b2pNd5vOlOojbbFauaIKhkeit+YSZ5ztAvY4kyFNIA=
github.com/pericles-tpt/go-mtp v0.0.0-20260413091449-8580374c9af0 h1:OM865I7fsIV9iiaXUjJnJ6Pl5/kEQl1bZWFPFDmi3o0=
github.com/pericles-tpt/go-mtp v0.0.0-20260413091449-8580374c9af0/go.mod h1:2b2pNd5vOlOojbbFauaIKhkeit+YSZ5ztAvY4kyFNIA=
github.com/pericles-tpt/go-mtp v0.0.0-20260413091543-c762370e38a0 h1:II3aDRzHcEkcEkhGfLJ5YEjbEep+gLlmQDDJ1qITk/g=
github.com/pericles-tpt/go-mtp v0.0.0-20260413091543-c762370e38a0/go.mod h1:2b2pNd5vOlOojbbFauaIKhkeit+YSZ5ztAvY4kyFNIA=
github.com/pericles-tpt/rterror v0.0.0-20240610054808-94c48b4cf36b h1:Gqedr1pTRlOy+my2xd2U/26egisTdvd22hX4nHzILMk=
github.com/pericles-tpt/rterror v0.0.0-20240610054808-94c48b4cf36b/go.mod h1:+6Jjk/R4W9HAU5I1Ky50QslzN2V+NzudzuU8gpaDTm4=
github.com/pericles-tpt/utilities v0.0.0-20240125234659-27257af8cfbf h1:q4kRJjza4RF6yxsDgioOmM/sCi4lW9OXmCHNr+Lq3As=
github.com/pericles-tpt/utilities v0.0.0-20240125234659-27257af8cfbf/go.mod h1:EPuObiGgugIMoWUp/vbsqesmj3kHAlIlV1nkmIgF40Q=
github.com/pkg/errors v0.9.1 h1:FEBLx1zS214owpjy7qsBeixbURkuhQAwrK5UwLGTwt4=
github.com/pkg/errors v0.9.1/go.mod h1:bwawxfHBFNV+L2hUp1rHADufV3IMtnDRdf1r5NINEl0=
github.com/pmezard/go-difflib v1.0.0 h1:4DBwDE0NGyQoBHbLQYPwSUPoCMWR5BEzIk/f1lZbAQM=
github.com/pmezard/go-difflib v1.0.0/go.mod h1:iKH77koFhYxTK1pcRnkKkqfTogsbg7gZNVY4sRDYZ/4=
github.com/rs/cors v1.11.1 h1:eU3gRzXLRK57F5rKMGMZURNdIG4EoAmX8k94r9wXWHA=
github.com/rs/cors v1.11.1/go.mod h1:XyqrcTp5zjWr1wsJ8PIRZssZ8b/WMcMf71DJnit4EMU=
github.com/stretchr/testify v1.2.2 h1:bSDNvY7ZPG5RlJ8otE/7V6gMiyenm9RtJ7IUVIAoJ1w=
github.com/stretchr/testify v1.2.2/go.mod h1:a8OnRcib4nhh0OaRAV+Yts87kKdq0PP7pXfy6kDkUVs=
golang.org/x/sys v0.42.0 h1:omrd2nAlyT5ESRdCLYdm3+fMfNFE/+Rf4bDIQImRJeo=
golang.org/x/sys v0.42.0/go.mod h1:4GL1E5IUh+htKOUEOaiffhrAeqysfVGipDYzABqnCmw=
golang.org/x/term v0.41.0 h1:QCgPso/Q3RTJx2Th4bDLqML4W6iJiaXFq2/ftQF13YU=
golang.org/x/term v0.41.0/go.mod h1:3pfBgksrReYfZ5lvYM0kSO0LIkAl4Yl2bXOkKP7Ec2A=
